<?xml version="1.0" encoding="utf-8"?>
<Project ToolsVersion="4.0" xmlns="http://schemas.microsoft.com/developer/msbuild/2003">
  <ItemGroup>
    <Filter Include="Archivos de origen">
      <UniqueIdentifier>{4FC737F1-C7A5-4376-A066-2A32D752A2FF}</UniqueIdentifier>
      <Extensions>cpp;c;cc;cxx;def;odl;idl;hpj;bat;asm;asmx</Extensions>
    </Filter>
    <Filter Include="Archivos de encabezado">
      <UniqueIdentifier>{93995380-89BD-4b04-88EB-625FBE52EBFB}</UniqueIdentifier>
      <Extensions>h;hh;hpp;hxx;hm;inl;inc;ipp;xsd</Extensions>
    </Filter>
    <Filter Include="Archivos de recursos">
      <UniqueIdentifier>{67DA6AB6-F800-4c08-8B7A-83BB121AAD01}</UniqueIdentifier>
      <Extensions>rc;ico;cur;bmp;dlg;rc2;rct;bin;rgs;gif;jpg;jpeg;jpe;resx;tiff;tif;png;wav;mfcribbon-ms</Extensions>
    </Filter>
    <Filter Include="Archivos de encabezado\Collider">
      <UniqueIdentifier>{2400f523-8fc0-4cde-9b0a-13f267261a57}</UniqueIdentifier>
    </Filter>
    <Filter Include="Archivos de encabezado\Imagenes">
      <UniqueIdentifier>{ca5590af-0a33-4784-a05c-ddc8b11990c4}</UniqueIdentifier>
    </Filter>
    <Filter Include="Archivos de encabezado\InteraccionListas">
      <UniqueIdentifier>{54865e81-dc79-4cb9-98a7-b561f58bfff1}</UniqueIdentifier>
    </Filter>
    <Filter Include="Archivos de encabezado\Personaje/Enemigo">
      <UniqueIdentifier>{775b59cd-1395-4d31-a1b0-f997bada8301}</UniqueIdentifier>
    </Filter>
    <Filter Include="Archivos de encabezado\HUD">
      <UniqueIdentifier>{fa55b0b8-12a3-4b6f-99a7-c4cf216d3e3e}</UniqueIdentifier>
    </Filter>
    <Filter Include="Archivos de origen\Collider">
      <UniqueIdentifier>{5b0fa395-3d1b-4821-b3fa-22a2a759de3e}</UniqueIdentifier>
    </Filter>
    <Filter Include="Archivos de origen\HUD">
      <UniqueIdentifier>{34d713b7-2430-46b3-be73-c91f1ec323e6}</UniqueIdentifier>
    </Filter>
    <Filter Include="Archivos de origen\Personaje/Enemigo">
      <UniqueIdentifier>{cf0f84d1-709e-4266-b8e7-f25045d1e8b3}</UniqueIdentifier>
    </Filter>
    <Filter Include="Archivos de origen\Imagenes">
      <UniqueIdentifier>{03ebc6d1-fab5-4a42-a4dc-418383f76e98}</UniqueIdentifier>
    </Filter>
    <Filter Include="Archivos de origen\Menu">
      <UniqueIdentifier>{94ef25a8-11bb-462b-8189-a47476df2849}</UniqueIdentifier>
    </Filter>
    <Filter Include="Archivos de origen\InteraccionListas">
      <UniqueIdentifier>{1ffbde28-d1ed-46b8-876f-b34fb360323a}</UniqueIdentifier>
    </Filter>
    <Filter Include="Archivos de encabezado\Menu">
      <UniqueIdentifier>{9b81e829-cd1d-4295-b3ed-58882d6d274e}</UniqueIdentifier>
    </Filter>
    <Filter Include="Archivos de encabezado\Clases Principales">
      <UniqueIdentifier>{8babc109-5b99-47d0-948d-24b8e0ec3363}</UniqueIdentifier>
    </Filter>
    <Filter Include="Archivos de origen\Clases Principales">
      <UniqueIdentifier>{deba4594-d256-4e92-90a4-41fdcd6f57e8}</UniqueIdentifier>
    </Filter>
    <Filter Include="Archivos de origen\Personaje/Enemigo\municion">
      <UniqueIdentifier>{6a26c15f-69b0-47f3-ac73-16132ff1b611}</UniqueIdentifier>
    </Filter>
    <Filter Include="Archivos de encabezado\Personaje/Enemigo\municion">
      <UniqueIdentifier>{4f500b92-910b-4651-83f3-c14587586a35}</UniqueIdentifier>
    </Filter>
  </ItemGroup>
  <ItemGroup>
    <ClCompile Include="src\Vector2D.cpp">
      <Filter>Archivos de origen</Filter>
    </ClCompile>
    <ClCompile Include="src\Main.cpp">
      <Filter>Archivos de origen</Filter>
    </ClCompile>
    <ClCompile Include="src\ColliderMap.cpp">
      <Filter>Archivos de origen\Collider</Filter>
    </ClCompile>
    <ClCompile Include="src\CollisionMundo.cpp">
      <Filter>Archivos de origen\Collider</Filter>
    </ClCompile>
    <ClCompile Include="src\HUD.cpp">
      <Filter>Archivos de origen\HUD</Filter>
    </ClCompile>
    <ClCompile Include="src\Personaje.cpp">
      <Filter>Archivos de origen\Personaje/Enemigo</Filter>
    </ClCompile>
    <ClCompile Include="src\Enemigo.cpp">
      <Filter>Archivos de origen\Personaje/Enemigo</Filter>
    </ClCompile>
    <ClCompile Include="src\Imagen.cpp">
      <Filter>Archivos de origen\Imagenes</Filter>
    </ClCompile>
    <ClCompile Include="src\ImagenBucle.cpp">
      <Filter>Archivos de origen\Imagenes</Filter>
    </ClCompile>
    <ClCompile Include="src\ListaCollider.cpp">
      <Filter>Archivos de origen\Collider</Filter>
    </ClCompile>
    <ClCompile Include="src\InteraccionListas.cpp">
      <Filter>Archivos de origen\InteraccionListas</Filter>
    </ClCompile>
    <ClCompile Include="src\MenuPrincipal.cpp">
      <Filter>Archivos de origen\Menu</Filter>
    </ClCompile>
    <ClCompile Include="src\Opcion_Menu.cpp">
      <Filter>Archivos de origen\Menu</Filter>
    </ClCompile>
    <ClCompile Include="src\Patrullero.cpp">
      <Filter>Archivos de origen\Personaje/Enemigo</Filter>
    </ClCompile>
    <ClCompile Include="src\Artillero.cpp">
      <Filter>Archivos de origen\Personaje/Enemigo</Filter>
    </ClCompile>
    <ClCompile Include="src\Tiempo.cpp">
      <Filter>Archivos de origen</Filter>
    </ClCompile>
    <ClCompile Include="src\Collision_Movil.cpp">
      <Filter>Archivos de origen\Collider</Filter>
    </ClCompile>
    <ClCompile Include="src\Coordinador_Juego.cpp">
      <Filter>Archivos de origen\Clases Principales</Filter>
    </ClCompile>
    <ClCompile Include="src\Mundo.cpp">
      <Filter>Archivos de origen\Clases Principales</Filter>
    </ClCompile>
    <ClCompile Include="src\Mortero.cpp">
      <Filter>Archivos de origen\Personaje/Enemigo\municion</Filter>
    </ClCompile>
    <ClCompile Include="src\CajaMunicion.cpp">
      <Filter>Archivos de origen\Personaje/Enemigo\municion</Filter>
    </ClCompile>
    <ClCompile Include="src\ListaEnemObj.cpp">
      <Filter>Archivos de origen\Personaje/Enemigo</Filter>
    </ClCompile>
    <ClCompile Include="src\Carcaj.cpp">
      <Filter>Archivos de origen\Personaje/Enemigo\municion</Filter>
    </ClCompile>
    <ClCompile Include="src\Flecha.cpp">
      <Filter>Archivos de origen\Personaje/Enemigo\municion</Filter>
    </ClCompile>
    <ClCompile Include="src\Bonus.cpp">
      <Filter>Archivos de origen\Personaje/Enemigo\municion</Filter>
    </ClCompile>
    <ClCompile Include="src\BossFinal.cpp">
      <Filter>Archivos de origen\Personaje/Enemigo</Filter>
    </ClCompile>
  </ItemGroup>
  <ItemGroup>
    <ClInclude Include="src\Vector2D.h">
      <Filter>Archivos de encabezado</Filter>
    </ClInclude>
    <ClInclude Include="src\ColliderMap.h">
      <Filter>Archivos de encabezado\Collider</Filter>
    </ClInclude>
    <ClInclude Include="src\CollisionMundo.h">
      <Filter>Archivos de encabezado\Collider</Filter>
    </ClInclude>
    <ClInclude Include="src\ListaCollider.h">
      <Filter>Archivos de encabezado\Collider</Filter>
    </ClInclude>
    <ClInclude Include="src\Enemigo.h">
      <Filter>Archivos de encabezado\Personaje/Enemigo</Filter>
    </ClInclude>
    <ClInclude Include="src\ImagenBucle.h">
      <Filter>Archivos de encabezado\Imagenes</Filter>
    </ClInclude>
    <ClInclude Include="src\Imagen.h">
      <Filter>Archivos de encabezado\Imagenes</Filter>
    </ClInclude>
    <ClInclude Include="src\Opcion_Menu.h">
      <Filter>Archivos de encabezado\Menu</Filter>
    </ClInclude>
    <ClInclude Include="src\MenuPrincipal.h">
      <Filter>Archivos de encabezado\Menu</Filter>
    </ClInclude>
    <ClInclude Include="src\InteraccionListas.h">
      <Filter>Archivos de encabezado\InteraccionListas</Filter>
    </ClInclude>
    <ClInclude Include="src\Personaje.h">
      <Filter>Archivos de encabezado\Personaje/Enemigo</Filter>
    </ClInclude>
    <ClInclude Include="src\HUD.h">
      <Filter>Archivos de encabezado\HUD</Filter>
    </ClInclude>
    <ClInclude Include="src\Patrullero.h">
      <Filter>Archivos de encabezado\Personaje/Enemigo</Filter>
    </ClInclude>
    <ClInclude Include="src\Artillero.h">
      <Filter>Archivos de encabezado\Personaje/Enemigo</Filter>
    </ClInclude>
    <ClInclude Include="src\Tiempo.h">
      <Filter>Archivos de encabezado</Filter>
    </ClInclude>
    <ClInclude Include="src\Collision_Movil.h">
      <Filter>Archivos de encabezado\Collider</Filter>
    </ClInclude>
    <ClInclude Include="src\Coordinador_Juego.h">
      <Filter>Archivos de encabezado\Clases Principales</Filter>
    </ClInclude>
    <ClInclude Include="src\Mundo.h">
      <Filter>Archivos de encabezado\Clases Principales</Filter>
    </ClInclude>
    <ClInclude Include="src\Mortero.h">
      <Filter>Archivos de encabezado\Personaje/Enemigo\municion</Filter>
    </ClInclude>
    <ClInclude Include="src\CajaMunicion.h">
      <Filter>Archivos de encabezado\Personaje/Enemigo\municion</Filter>
    </ClInclude>
    <ClInclude Include="src\ListaEnemObj.h">
      <Filter>Archivos de encabezado\Personaje/Enemigo</Filter>
    </ClInclude>
    <ClInclude Include="src\ObjetoGeneral.h">
      <Filter>Archivos de encabezado\Personaje/Enemigo</Filter>
    </ClInclude>
    <ClInclude Include="src\Carcaj.h">
      <Filter>Archivos de encabezado\Personaje/Enemigo\municion</Filter>
    </ClInclude>
    <ClInclude Include="src\Flecha.h">
      <Filter>Archivos de encabezado\Personaje/Enemigo\municion</Filter>
    </ClInclude>
    <ClInclude Include="src\Bonus.h">
      <Filter>Archivos de encabezado\Personaje/Enemigo\municion</Filter>
    </ClInclude>
    <ClInclude Include="src\BossFinal.h">
      <Filter>Archivos de encabezado\Personaje/Enemigo</Filter>
    </ClInclude>
  </ItemGroup>
</Project>